// !$*UTF8*$!
{
	archiveVersion = 1;
	classes = {
	};
	objectVersion = 56;
	objects = {

/* Begin PBXBuildFile section */
		4035A4522B7F735C0049379E /* NetworkClientProtocol.swift in Sources */ = {isa = PBXBuildFile; fileRef = 4035A4512B7F735B0049379E /* NetworkClientProtocol.swift */; };
		4035A4542B7F737E0049379E /* NetworkClient.swift in Sources */ = {isa = PBXBuildFile; fileRef = 4035A4532B7F737E0049379E /* NetworkClient.swift */; };
		4035A4562B7F75890049379E /* PhotosModel.swift in Sources */ = {isa = PBXBuildFile; fileRef = 4035A4552B7F75890049379E /* PhotosModel.swift */; };
		4035A4582B7F783C0049379E /* Resources.swift in Sources */ = {isa = PBXBuildFile; fileRef = 4035A4572B7F783C0049379E /* Resources.swift */; };
		4047B21A2B7E448B004E1686 /* ImageListViewController.swift in Sources */ = {isa = PBXBuildFile; fileRef = 4047B2192B7E448B004E1686 /* ImageListViewController.swift */; };
		4047B21C2B7E45FB004E1686 /* ImageListCell.swift in Sources */ = {isa = PBXBuildFile; fileRef = 4047B21B2B7E45FB004E1686 /* ImageListCell.swift */; };
		4047B21E2B7E4A69004E1686 /* UIConstants.swift in Sources */ = {isa = PBXBuildFile; fileRef = 4047B21D2B7E4A68004E1686 /* UIConstants.swift */; };
		4047B2292B7E5B12004E1686 /* Images.swift in Sources */ = {isa = PBXBuildFile; fileRef = 4047B2262B7E5B12004E1686 /* Images.swift */; };
		4047B22A2B7E5B12004E1686 /* Strings.swift in Sources */ = {isa = PBXBuildFile; fileRef = 4047B2272B7E5B12004E1686 /* Strings.swift */; };
		4047B22B2B7E5B12004E1686 /* Colors.swift in Sources */ = {isa = PBXBuildFile; fileRef = 4047B2282B7E5B12004E1686 /* Colors.swift */; };
		4047C9912B7DF2DA00D5D656 /* Observable.swift in Sources */ = {isa = PBXBuildFile; fileRef = 4047C9902B7DF2DA00D5D656 /* Observable.swift */; };
		4047C9932B7DF30200D5D656 /* UICollectionView + Extension.swift in Sources */ = {isa = PBXBuildFile; fileRef = 4047C9922B7DF30200D5D656 /* UICollectionView + Extension.swift */; };
		4047C9952B7DF31500D5D656 /* UIFont + Extension.swift in Sources */ = {isa = PBXBuildFile; fileRef = 4047C9942B7DF31500D5D656 /* UIFont + Extension.swift */; };
		4047C9972B7DF34B00D5D656 /* UIView + Extension.swift in Sources */ = {isa = PBXBuildFile; fileRef = 4047C9962B7DF34B00D5D656 /* UIView + Extension.swift */; };
		406AFB2B2B7FBA7200F1E63B /* ImageListViewModel.swift in Sources */ = {isa = PBXBuildFile; fileRef = 406AFB2A2B7FBA7200F1E63B /* ImageListViewModel.swift */; };
		406AFB2D2B7FBAC700F1E63B /* ImageListViewModelProtocol.swift in Sources */ = {isa = PBXBuildFile; fileRef = 406AFB2C2B7FBAC700F1E63B /* ImageListViewModelProtocol.swift */; };
		406AFB312B7FBEEC00F1E63B /* ViewControllersBuilder.swift in Sources */ = {isa = PBXBuildFile; fileRef = 406AFB302B7FBEEC00F1E63B /* ViewControllersBuilder.swift */; };
		406AFB332B7FBFB000F1E63B /* ViewControllerBuilderProtocol.swift in Sources */ = {isa = PBXBuildFile; fileRef = 406AFB322B7FBFB000F1E63B /* ViewControllerBuilderProtocol.swift */; };
		40841BB62B80C90400E23162 /* Kingfisher in Frameworks */ = {isa = PBXBuildFile; productRef = 40841BB52B80C90400E23162 /* Kingfisher */; };
		40841BB82B80D19F00E23162 /* UIColor + Extension.swift in Sources */ = {isa = PBXBuildFile; fileRef = 40841BB72B80D19F00E23162 /* UIColor + Extension.swift */; };
		40B2F2792B7CE3A800B5697F /* AppDelegate.swift in Sources */ = {isa = PBXBuildFile; fileRef = 40B2F2782B7CE3A800B5697F /* AppDelegate.swift */; };
		40B2F2822B7CE3AC00B5697F /* Assets.xcassets in Resources */ = {isa = PBXBuildFile; fileRef = 40B2F2812B7CE3AC00B5697F /* Assets.xcassets */; };
		40B2F2852B7CE3AC00B5697F /* LaunchScreen.storyboard in Resources */ = {isa = PBXBuildFile; fileRef = 40B2F2832B7CE3AC00B5697F /* LaunchScreen.storyboard */; };
		40D9775A2B824CD5007B1D22 /* SingleImageViewController.swift in Sources */ = {isa = PBXBuildFile; fileRef = 40D977592B824CD5007B1D22 /* SingleImageViewController.swift */; };
		40D9775C2B824D18007B1D22 /* SingleImageViewModel.swift in Sources */ = {isa = PBXBuildFile; fileRef = 40D9775B2B824D18007B1D22 /* SingleImageViewModel.swift */; };
		40D9775E2B824D35007B1D22 /* SingleImageViewModelProtocol.swift in Sources */ = {isa = PBXBuildFile; fileRef = 40D9775D2B824D35007B1D22 /* SingleImageViewModelProtocol.swift */; };
		40D977602B82568A007B1D22 /* SingleImageModel.swift in Sources */ = {isa = PBXBuildFile; fileRef = 40D9775F2B82568A007B1D22 /* SingleImageModel.swift */; };
		40F666632B7DD66500908638 /* Images.xcassets in Resources */ = {isa = PBXBuildFile; fileRef = 40F666622B7DD66500908638 /* Images.xcassets */; };
		40F666652B7DD67500908638 /* Colors.xcassets in Resources */ = {isa = PBXBuildFile; fileRef = 40F666642B7DD67500908638 /* Colors.xcassets */; };
		40F6666E2B7DD7F700908638 /* Localizable.strings in Resources */ = {isa = PBXBuildFile; fileRef = 40F6666F2B7DD7F700908638 /* Localizable.strings */; };
		40F6667D2B7DE58A00908638 /* AppCoordinatorProtocol.swift in Sources */ = {isa = PBXBuildFile; fileRef = 40F6667C2B7DE58A00908638 /* AppCoordinatorProtocol.swift */; };
		40F6667F2B7DE5AD00908638 /* AppCoordinator.swift in Sources */ = {isa = PBXBuildFile; fileRef = 40F6667E2B7DE5AD00908638 /* AppCoordinator.swift */; };
/* End PBXBuildFile section */

/* Begin PBXFileReference section */
		4035A4512B7F735B0049379E /* NetworkClientProtocol.swift */ = {isa = PBXFileReference; lastKnownFileType = sourcecode.swift; path = NetworkClientProtocol.swift; sourceTree = "<group>"; };
		4035A4532B7F737E0049379E /* NetworkClient.swift */ = {isa = PBXFileReference; lastKnownFileType = sourcecode.swift; path = NetworkClient.swift; sourceTree = "<group>"; };
		4035A4552B7F75890049379E /* PhotosModel.swift */ = {isa = PBXFileReference; lastKnownFileType = sourcecode.swift; path = PhotosModel.swift; sourceTree = "<group>"; };
		4035A4572B7F783C0049379E /* Resources.swift */ = {isa = PBXFileReference; lastKnownFileType = sourcecode.swift; path = Resources.swift; sourceTree = "<group>"; };
		4047B2192B7E448B004E1686 /* ImageListViewController.swift */ = {isa = PBXFileReference; lastKnownFileType = sourcecode.swift; path = ImageListViewController.swift; sourceTree = "<group>"; };
		4047B21B2B7E45FB004E1686 /* ImageListCell.swift */ = {isa = PBXFileReference; lastKnownFileType = sourcecode.swift; path = ImageListCell.swift; sourceTree = "<group>"; };
		4047B21D2B7E4A68004E1686 /* UIConstants.swift */ = {isa = PBXFileReference; lastKnownFileType = sourcecode.swift; path = UIConstants.swift; sourceTree = "<group>"; };
		4047B2262B7E5B12004E1686 /* Images.swift */ = {isa = PBXFileReference; fileEncoding = 4; lastKnownFileType = sourcecode.swift; path = Images.swift; sourceTree = "<group>"; };
		4047B2272B7E5B12004E1686 /* Strings.swift */ = {isa = PBXFileReference; fileEncoding = 4; lastKnownFileType = sourcecode.swift; path = Strings.swift; sourceTree = "<group>"; };
		4047B2282B7E5B12004E1686 /* Colors.swift */ = {isa = PBXFileReference; fileEncoding = 4; lastKnownFileType = sourcecode.swift; path = Colors.swift; sourceTree = "<group>"; };
		4047C9902B7DF2DA00D5D656 /* Observable.swift */ = {isa = PBXFileReference; lastKnownFileType = sourcecode.swift; name = Observable.swift; path = Testovoe24H/Coordinator/Observable.swift; sourceTree = SOURCE_ROOT; };
		4047C9922B7DF30200D5D656 /* UICollectionView + Extension.swift */ = {isa = PBXFileReference; lastKnownFileType = sourcecode.swift; path = "UICollectionView + Extension.swift"; sourceTree = "<group>"; };
		4047C9942B7DF31500D5D656 /* UIFont + Extension.swift */ = {isa = PBXFileReference; lastKnownFileType = sourcecode.swift; path = "UIFont + Extension.swift"; sourceTree = "<group>"; };
		4047C9962B7DF34B00D5D656 /* UIView + Extension.swift */ = {isa = PBXFileReference; lastKnownFileType = sourcecode.swift; path = "UIView + Extension.swift"; sourceTree = "<group>"; };
		406AFB2A2B7FBA7200F1E63B /* ImageListViewModel.swift */ = {isa = PBXFileReference; lastKnownFileType = sourcecode.swift; path = ImageListViewModel.swift; sourceTree = "<group>"; };
		406AFB2C2B7FBAC700F1E63B /* ImageListViewModelProtocol.swift */ = {isa = PBXFileReference; lastKnownFileType = sourcecode.swift; path = ImageListViewModelProtocol.swift; sourceTree = "<group>"; };
		406AFB302B7FBEEC00F1E63B /* ViewControllersBuilder.swift */ = {isa = PBXFileReference; lastKnownFileType = sourcecode.swift; path = ViewControllersBuilder.swift; sourceTree = "<group>"; };
		406AFB322B7FBFB000F1E63B /* ViewControllerBuilderProtocol.swift */ = {isa = PBXFileReference; lastKnownFileType = sourcecode.swift; path = ViewControllerBuilderProtocol.swift; sourceTree = "<group>"; };
		40841BB72B80D19F00E23162 /* UIColor + Extension.swift */ = {isa = PBXFileReference; lastKnownFileType = sourcecode.swift; path = "UIColor + Extension.swift"; sourceTree = "<group>"; };
		40B2F2752B7CE3A800B5697F /* Testovoe24H.app */ = {isa = PBXFileReference; explicitFileType = wrapper.application; includeInIndex = 0; path = Testovoe24H.app; sourceTree = BUILT_PRODUCTS_DIR; };
		40B2F2782B7CE3A800B5697F /* AppDelegate.swift */ = {isa = PBXFileReference; lastKnownFileType = sourcecode.swift; path = AppDelegate.swift; sourceTree = "<group>"; };
		40B2F2812B7CE3AC00B5697F /* Assets.xcassets */ = {isa = PBXFileReference; lastKnownFileType = folder.assetcatalog; path = Assets.xcassets; sourceTree = "<group>"; };
		40B2F2842B7CE3AC00B5697F /* Base */ = {isa = PBXFileReference; lastKnownFileType = file.storyboard; name = Base; path = Base.lproj/LaunchScreen.storyboard; sourceTree = "<group>"; };
		40B2F2862B7CE3AC00B5697F /* Info.plist */ = {isa = PBXFileReference; lastKnownFileType = text.plist.xml; path = Info.plist; sourceTree = "<group>"; };
		40D977592B824CD5007B1D22 /* SingleImageViewController.swift */ = {isa = PBXFileReference; lastKnownFileType = sourcecode.swift; path = SingleImageViewController.swift; sourceTree = "<group>"; };
		40D9775B2B824D18007B1D22 /* SingleImageViewModel.swift */ = {isa = PBXFileReference; lastKnownFileType = sourcecode.swift; path = SingleImageViewModel.swift; sourceTree = "<group>"; };
		40D9775D2B824D35007B1D22 /* SingleImageViewModelProtocol.swift */ = {isa = PBXFileReference; lastKnownFileType = sourcecode.swift; path = SingleImageViewModelProtocol.swift; sourceTree = "<group>"; };
		40D9775F2B82568A007B1D22 /* SingleImageModel.swift */ = {isa = PBXFileReference; lastKnownFileType = sourcecode.swift; path = SingleImageModel.swift; sourceTree = "<group>"; };
		40F666622B7DD66500908638 /* Images.xcassets */ = {isa = PBXFileReference; lastKnownFileType = folder.assetcatalog; path = Images.xcassets; sourceTree = "<group>"; };
		40F666642B7DD67500908638 /* Colors.xcassets */ = {isa = PBXFileReference; lastKnownFileType = folder.assetcatalog; path = Colors.xcassets; sourceTree = "<group>"; };
		40F6666F2B7DD7F700908638 /* Localizable.strings */ = {isa = PBXFileReference; lastKnownFileType = text.plist.strings; path = Localizable.strings; sourceTree = "<group>"; };
		40F6667C2B7DE58A00908638 /* AppCoordinatorProtocol.swift */ = {isa = PBXFileReference; lastKnownFileType = sourcecode.swift; path = AppCoordinatorProtocol.swift; sourceTree = "<group>"; };
		40F6667E2B7DE5AD00908638 /* AppCoordinator.swift */ = {isa = PBXFileReference; lastKnownFileType = sourcecode.swift; path = AppCoordinator.swift; sourceTree = "<group>"; };
/* End PBXFileReference section */

/* Begin PBXFrameworksBuildPhase section */
		40B2F2722B7CE3A800B5697F /* Frameworks */ = {
			isa = PBXFrameworksBuildPhase;
			buildActionMask = 2147483647;
			files = (
				40841BB62B80C90400E23162 /* Kingfisher in Frameworks */,
			);
			runOnlyForDeploymentPostprocessing = 0;
		};
/* End PBXFrameworksBuildPhase section */

/* Begin PBXGroup section */
		4035A4502B7F73420049379E /* Services */ = {
			isa = PBXGroup;
			children = (
				406AFB2F2B7FBECF00F1E63B /* ViewControllersBuilder */,
				406AFB2E2B7FBEC200F1E63B /* NetworkClient */,
				4035A4552B7F75890049379E /* PhotosModel.swift */,
			);
			path = Services;
			sourceTree = "<group>";
		};
		4047B2252B7E5AD6004E1686 /* Generated */ = {
			isa = PBXGroup;
			children = (
				4047B2282B7E5B12004E1686 /* Colors.swift */,
				4047B2262B7E5B12004E1686 /* Images.swift */,
				4047B2272B7E5B12004E1686 /* Strings.swift */,
			);
			path = Generated;
			sourceTree = "<group>";
		};
		4047C98F2B7DF2BE00D5D656 /* Extensions */ = {
			isa = PBXGroup;
			children = (
				4047C9902B7DF2DA00D5D656 /* Observable.swift */,
				40841BB72B80D19F00E23162 /* UIColor + Extension.swift */,
				4047C9922B7DF30200D5D656 /* UICollectionView + Extension.swift */,
				4047C9942B7DF31500D5D656 /* UIFont + Extension.swift */,
				4047C9962B7DF34B00D5D656 /* UIView + Extension.swift */,
			);
			path = Extensions;
			sourceTree = "<group>";
		};
		406AFB2E2B7FBEC200F1E63B /* NetworkClient */ = {
			isa = PBXGroup;
			children = (
				4035A4512B7F735B0049379E /* NetworkClientProtocol.swift */,
				4035A4532B7F737E0049379E /* NetworkClient.swift */,
			);
			path = NetworkClient;
			sourceTree = "<group>";
		};
		406AFB2F2B7FBECF00F1E63B /* ViewControllersBuilder */ = {
			isa = PBXGroup;
			children = (
				406AFB302B7FBEEC00F1E63B /* ViewControllersBuilder.swift */,
				406AFB322B7FBFB000F1E63B /* ViewControllerBuilderProtocol.swift */,
			);
			path = ViewControllersBuilder;
			sourceTree = "<group>";
		};
		40B2F26C2B7CE3A800B5697F = {
			isa = PBXGroup;
			children = (
				40B2F2772B7CE3A800B5697F /* Testovoe24H */,
				40B2F2762B7CE3A800B5697F /* Products */,
			);
			sourceTree = "<group>";
		};
		40B2F2762B7CE3A800B5697F /* Products */ = {
			isa = PBXGroup;
			children = (
				40B2F2752B7CE3A800B5697F /* Testovoe24H.app */,
			);
			name = Products;
			sourceTree = "<group>";
		};
		40B2F2772B7CE3A800B5697F /* Testovoe24H */ = {
			isa = PBXGroup;
			children = (
				40B2F2782B7CE3A800B5697F /* AppDelegate.swift */,
				40F6667B2B7DE57500908638 /* Coordinator */,
				40F666662B7DD6AE00908638 /* Screens */,
				4035A4502B7F73420049379E /* Services */,
				4047C98F2B7DF2BE00D5D656 /* Extensions */,
				40F6665A2B7DD57300908638 /* Supporting Files */,
			);
			path = Testovoe24H;
			sourceTree = "<group>";
		};
		40D977572B824CA0007B1D22 /* ImageList */ = {
			isa = PBXGroup;
			children = (
				4047B2192B7E448B004E1686 /* ImageListViewController.swift */,
				4047B21B2B7E45FB004E1686 /* ImageListCell.swift */,
				406AFB2A2B7FBA7200F1E63B /* ImageListViewModel.swift */,
				406AFB2C2B7FBAC700F1E63B /* ImageListViewModelProtocol.swift */,
			);
			path = ImageList;
			sourceTree = "<group>";
		};
		40D977582B824CB1007B1D22 /* SingleImage */ = {
			isa = PBXGroup;
			children = (
				40D977592B824CD5007B1D22 /* SingleImageViewController.swift */,
				40D9775B2B824D18007B1D22 /* SingleImageViewModel.swift */,
				40D9775D2B824D35007B1D22 /* SingleImageViewModelProtocol.swift */,
				40D9775F2B82568A007B1D22 /* SingleImageModel.swift */,
			);
			path = SingleImage;
			sourceTree = "<group>";
		};
		40F6665A2B7DD57300908638 /* Supporting Files */ = {
			isa = PBXGroup;
			children = (
				40F6665D2B7DD5EC00908638 /* Assets */,
				40F666682B7DD70B00908638 /* Localizable */,
				40F6665B2B7DD5B400908638 /* Resources */,
				40B2F2832B7CE3AC00B5697F /* LaunchScreen.storyboard */,
				40B2F2862B7CE3AC00B5697F /* Info.plist */,
			);
			path = "Supporting Files";
			sourceTree = "<group>";
		};
		40F6665B2B7DD5B400908638 /* Resources */ = {
			isa = PBXGroup;
			children = (
				4047B2252B7E5AD6004E1686 /* Generated */,
				4047B21D2B7E4A68004E1686 /* UIConstants.swift */,
				4035A4572B7F783C0049379E /* Resources.swift */,
			);
			path = Resources;
			sourceTree = "<group>";
		};
		40F6665D2B7DD5EC00908638 /* Assets */ = {
			isa = PBXGroup;
			children = (
				40B2F2812B7CE3AC00B5697F /* Assets.xcassets */,
				40F6665F2B7DD5FA00908638 /* Images */,
				40F6665E2B7DD5F400908638 /* Colors */,
			);
			path = Assets;
			sourceTree = "<group>";
		};
		40F6665E2B7DD5F400908638 /* Colors */ = {
			isa = PBXGroup;
			children = (
				40F666642B7DD67500908638 /* Colors.xcassets */,
			);
			path = Colors;
			sourceTree = "<group>";
		};
		40F6665F2B7DD5FA00908638 /* Images */ = {
			isa = PBXGroup;
			children = (
				40F666622B7DD66500908638 /* Images.xcassets */,
			);
			path = Images;
			sourceTree = "<group>";
		};
		40F666662B7DD6AE00908638 /* Screens */ = {
			isa = PBXGroup;
			children = (
				40D977572B824CA0007B1D22 /* ImageList */,
				40D977582B824CB1007B1D22 /* SingleImage */,
			);
			path = Screens;
			sourceTree = "<group>";
		};
		40F666682B7DD70B00908638 /* Localizable */ = {
			isa = PBXGroup;
			children = (
				40F6666F2B7DD7F700908638 /* Localizable.strings */,
			);
			path = Localizable;
			sourceTree = "<group>";
		};
		40F6667B2B7DE57500908638 /* Coordinator */ = {
			isa = PBXGroup;
			children = (
				40F6667E2B7DE5AD00908638 /* AppCoordinator.swift */,
				40F6667C2B7DE58A00908638 /* AppCoordinatorProtocol.swift */,
			);
			path = Coordinator;
			sourceTree = "<group>";
		};
/* End PBXGroup section */

/* Begin PBXNativeTarget section */
		40B2F2742B7CE3A800B5697F /* Testovoe24H */ = {
			isa = PBXNativeTarget;
			buildConfigurationList = 40B2F2892B7CE3AC00B5697F /* Build configuration list for PBXNativeTarget "Testovoe24H" */;
			buildPhases = (
				40F666592B7DD3EB00908638 /* Swiftlint */,
				40F666702B7DDAB600908638 /* SwiftGen */,
				40B2F2712B7CE3A800B5697F /* Sources */,
				40B2F2722B7CE3A800B5697F /* Frameworks */,
				40B2F2732B7CE3A800B5697F /* Resources */,
			);
			buildRules = (
			);
			dependencies = (
			);
			name = Testovoe24H;
			packageProductDependencies = (
				40841BB52B80C90400E23162 /* Kingfisher */,
			);
			productName = Testovoe24H;
			productReference = 40B2F2752B7CE3A800B5697F /* Testovoe24H.app */;
			productType = "com.apple.product-type.application";
		};
/* End PBXNativeTarget section */

/* Begin PBXProject section */
		40B2F26D2B7CE3A800B5697F /* Project object */ = {
			isa = PBXProject;
			attributes = {
				BuildIndependentTargetsInParallel = 1;
				LastSwiftUpdateCheck = 1510;
				LastUpgradeCheck = 1510;
				TargetAttributes = {
					40B2F2742B7CE3A800B5697F = {
						CreatedOnToolsVersion = 15.1;
					};
				};
			};
			buildConfigurationList = 40B2F2702B7CE3A800B5697F /* Build configuration list for PBXProject "Testovoe24H" */;
			compatibilityVersion = "Xcode 14.0";
			developmentRegion = en;
			hasScannedForEncodings = 0;
			knownRegions = (
				en,
				Base,
			);
			mainGroup = 40B2F26C2B7CE3A800B5697F;
			packageReferences = (
				40841BB42B80C90400E23162 /* XCRemoteSwiftPackageReference "Kingfisher" */,
			);
			productRefGroup = 40B2F2762B7CE3A800B5697F /* Products */;
			projectDirPath = "";
			projectRoot = "";
			targets = (
				40B2F2742B7CE3A800B5697F /* Testovoe24H */,
			);
		};
/* End PBXProject section */

/* Begin PBXResourcesBuildPhase section */
		40B2F2732B7CE3A800B5697F /* Resources */ = {
			isa = PBXResourcesBuildPhase;
			buildActionMask = 2147483647;
			files = (
				40F6666E2B7DD7F700908638 /* Localizable.strings in Resources */,
				40F666632B7DD66500908638 /* Images.xcassets in Resources */,
				40F666652B7DD67500908638 /* Colors.xcassets in Resources */,
				40B2F2852B7CE3AC00B5697F /* LaunchScreen.storyboard in Resources */,
				40B2F2822B7CE3AC00B5697F /* Assets.xcassets in Resources */,
			);
			runOnlyForDeploymentPostprocessing = 0;
		};
/* End PBXResourcesBuildPhase section */

/* Begin PBXShellScriptBuildPhase section */
		40F666592B7DD3EB00908638 /* Swiftlint */ = {
			isa = PBXShellScriptBuildPhase;
			alwaysOutOfDate = 1;
			buildActionMask = 2147483647;
			files = (
			);
			inputFileListPaths = (
			);
			inputPaths = (
			);
			name = Swiftlint;
			outputFileListPaths = (
			);
			outputPaths = (
			);
			runOnlyForDeploymentPostprocessing = 0;
			shellPath = /bin/sh;
			shellScript = "if [[ \"$(uname -m)\" == arm64 ]]; then\n    export PATH=\"/opt/homebrew/bin:$PATH\"\nfi\n\nif which swiftlint > /dev/null; then\n  swiftlint\nelse\n  echo \"warning: SwiftLint not installed, download from https://github.com/realm/SwiftLint\"\nfi\n";
		};
		40F666702B7DDAB600908638 /* SwiftGen */ = {
			isa = PBXShellScriptBuildPhase;
			alwaysOutOfDate = 1;
			buildActionMask = 2147483647;
			files = (
			);
			inputFileListPaths = (
			);
			inputPaths = (
			);
			name = SwiftGen;
			outputFileListPaths = (
			);
			outputPaths = (
			);
			runOnlyForDeploymentPostprocessing = 0;
			shellPath = /bin/sh;
			shellScript = "export PATH=\"$PATH:/opt/homebrew/bin\"\n\nif which swiftgen; then\n    swiftgen\nelse\n  echo \"warning: SwiftGen is not installed\"\nfi\n";
		};
/* End PBXShellScriptBuildPhase section */

/* Begin PBXSourcesBuildPhase section */
		40B2F2712B7CE3A800B5697F /* Sources */ = {
			isa = PBXSourcesBuildPhase;
			buildActionMask = 2147483647;
			files = (
				406AFB332B7FBFB000F1E63B /* ViewControllerBuilderProtocol.swift in Sources */,
				406AFB2B2B7FBA7200F1E63B /* ImageListViewModel.swift in Sources */,
				40D9775E2B824D35007B1D22 /* SingleImageViewModelProtocol.swift in Sources */,
				40D9775A2B824CD5007B1D22 /* SingleImageViewController.swift in Sources */,
				4047B21A2B7E448B004E1686 /* ImageListViewController.swift in Sources */,
				4047B21C2B7E45FB004E1686 /* ImageListCell.swift in Sources */,
				4047C9932B7DF30200D5D656 /* UICollectionView + Extension.swift in Sources */,
				40D977602B82568A007B1D22 /* SingleImageModel.swift in Sources */,
				406AFB312B7FBEEC00F1E63B /* ViewControllersBuilder.swift in Sources */,
				4047B2292B7E5B12004E1686 /* Images.swift in Sources */,
				4047C9912B7DF2DA00D5D656 /* Observable.swift in Sources */,
				4047B21E2B7E4A69004E1686 /* UIConstants.swift in Sources */,
				4047C9972B7DF34B00D5D656 /* UIView + Extension.swift in Sources */,
				4047C9952B7DF31500D5D656 /* UIFont + Extension.swift in Sources */,
				4047B22B2B7E5B12004E1686 /* Colors.swift in Sources */,
				4035A4582B7F783C0049379E /* Resources.swift in Sources */,
				4035A4522B7F735C0049379E /* NetworkClientProtocol.swift in Sources */,
				4035A4562B7F75890049379E /* PhotosModel.swift in Sources */,
				40841BB82B80D19F00E23162 /* UIColor + Extension.swift in Sources */,
				40F6667D2B7DE58A00908638 /* AppCoordinatorProtocol.swift in Sources */,
				4035A4542B7F737E0049379E /* NetworkClient.swift in Sources */,
				40B2F2792B7CE3A800B5697F /* AppDelegate.swift in Sources */,
				4047B22A2B7E5B12004E1686 /* Strings.swift in Sources */,
				406AFB2D2B7FBAC700F1E63B /* ImageListViewModelProtocol.swift in Sources */,
				40D9775C2B824D18007B1D22 /* SingleImageViewModel.swift in Sources */,
				40F6667F2B7DE5AD00908638 /* AppCoordinator.swift in Sources */,
			);
			runOnlyForDeploymentPostprocessing = 0;
		};
/* End PBXSourcesBuildPhase section */

/* Begin PBXVariantGroup section */
		40B2F2832B7CE3AC00B5697F /* LaunchScreen.storyboard */ = {
			isa = PBXVariantGroup;
			children = (
				40B2F2842B7CE3AC00B5697F /* Base */,
			);
			name = LaunchScreen.storyboard;
			sourceTree = "<group>";
		};
/* End PBXVariantGroup section */

/* Begin XCBuildConfiguration section */
		40B2F2872B7CE3AC00B5697F /* Debug */ = {
			isa = XCBuildConfiguration;
			buildSettings = {
				ALWAYS_SEARCH_USER_PATHS = NO;
				ASSETCATALOG_COMPILER_GENERATE_SWIFT_ASSET_SYMBOL_EXTENSIONS = YES;
				CLANG_ANALYZER_NONNULL = YES;
				CLANG_ANALYZER_NUMBER_OBJECT_CONVERSION = YES_AGGRESSIVE;
				CLANG_CXX_LANGUAGE_STANDARD = "gnu++20";
				CLANG_ENABLE_MODULES = YES;
				CLANG_ENABLE_OBJC_ARC = YES;
				CLANG_ENABLE_OBJC_WEAK = YES;
				CLANG_WARN_BLOCK_CAPTURE_AUTORELEASING = YES;
				CLANG_WARN_BOOL_CONVERSION = YES;
				CLANG_WARN_COMMA = YES;
				CLANG_WARN_CONSTANT_CONVERSION = YES;
				CLANG_WARN_DEPRECATED_OBJC_IMPLEMENTATIONS = YES;
				CLANG_WARN_DIRECT_OBJC_ISA_USAGE = YES_ERROR;
				CLANG_WARN_DOCUMENTATION_COMMENTS = YES;
				CLANG_WARN_EMPTY_BODY = YES;
				CLANG_WARN_ENUM_CONVERSION = YES;
				CLANG_WARN_INFINITE_RECURSION = YES;
				CLANG_WARN_INT_CONVERSION = YES;
				CLANG_WARN_NON_LITERAL_NULL_CONVERSION = YES;
				CLANG_WARN_OBJC_IMPLICIT_RETAIN_SELF = YES;
				CLANG_WARN_OBJC_LITERAL_CONVERSION = YES;
				CLANG_WARN_OBJC_ROOT_CLASS = YES_ERROR;
				CLANG_WARN_QUOTED_INCLUDE_IN_FRAMEWORK_HEADER = YES;
				CLANG_WARN_RANGE_LOOP_ANALYSIS = YES;
				CLANG_WARN_STRICT_PROTOTYPES = YES;
				CLANG_WARN_SUSPICIOUS_MOVE = YES;
				CLANG_WARN_UNGUARDED_AVAILABILITY = YES_AGGRESSIVE;
				CLANG_WARN_UNREACHABLE_CODE = YES;
				CLANG_WARN__DUPLICATE_METHOD_MATCH = YES;
				COPY_PHASE_STRIP = NO;
				DEBUG_INFORMATION_FORMAT = dwarf;
				ENABLE_STRICT_OBJC_MSGSEND = YES;
				ENABLE_TESTABILITY = YES;
				ENABLE_USER_SCRIPT_SANDBOXING = YES;
				GCC_C_LANGUAGE_STANDARD = gnu17;
				GCC_DYNAMIC_NO_PIC = NO;
				GCC_NO_COMMON_BLOCKS = YES;
				GCC_OPTIMIZATION_LEVEL = 0;
				GCC_PREPROCESSOR_DEFINITIONS = (
					"DEBUG=1",
					"$(inherited)",
				);
				GCC_WARN_64_TO_32_BIT_CONVERSION = YES;
				GCC_WARN_ABOUT_RETURN_TYPE = YES_ERROR;
				GCC_WARN_UNDECLARED_SELECTOR = YES;
				GCC_WARN_UNINITIALIZED_AUTOS = YES_AGGRESSIVE;
				GCC_WARN_UNUSED_FUNCTION = YES;
				GCC_WARN_UNUSED_VARIABLE = YES;
				IPHONEOS_DEPLOYMENT_TARGET = 17.2;
				LOCALIZATION_PREFERS_STRING_CATALOGS = YES;
				MTL_ENABLE_DEBUG_INFO = INCLUDE_SOURCE;
				MTL_FAST_MATH = YES;
				ONLY_ACTIVE_ARCH = YES;
				SDKROOT = iphoneos;
				SWIFT_ACTIVE_COMPILATION_CONDITIONS = "DEBUG $(inherited)";
				SWIFT_OPTIMIZATION_LEVEL = "-Onone";
			};
			name = Debug;
		};
		40B2F2882B7CE3AC00B5697F /* Release */ = {
			isa = XCBuildConfiguration;
			buildSettings = {
				ALWAYS_SEARCH_USER_PATHS = NO;
				ASSETCATALOG_COMPILER_GENERATE_SWIFT_ASSET_SYMBOL_EXTENSIONS = YES;
				CLANG_ANALYZER_NONNULL = YES;
				CLANG_ANALYZER_NUMBER_OBJECT_CONVERSION = YES_AGGRESSIVE;
				CLANG_CXX_LANGUAGE_STANDARD = "gnu++20";
				CLANG_ENABLE_MODULES = YES;
				CLANG_ENABLE_OBJC_ARC = YES;
				CLANG_ENABLE_OBJC_WEAK = YES;
				CLANG_WARN_BLOCK_CAPTURE_AUTORELEASING = YES;
				CLANG_WARN_BOOL_CONVERSION = YES;
				CLANG_WARN_COMMA = YES;
				CLANG_WARN_CONSTANT_CONVERSION = YES;
				CLANG_WARN_DEPRECATED_OBJC_IMPLEMENTATIONS = YES;
				CLANG_WARN_DIRECT_OBJC_ISA_USAGE = YES_ERROR;
				CLANG_WARN_DOCUMENTATION_COMMENTS = YES;
				CLANG_WARN_EMPTY_BODY = YES;
				CLANG_WARN_ENUM_CONVERSION = YES;
				CLANG_WARN_INFINITE_RECURSION = YES;
				CLANG_WARN_INT_CONVERSION = YES;
				CLANG_WARN_NON_LITERAL_NULL_CONVERSION = YES;
				CLANG_WARN_OBJC_IMPLICIT_RETAIN_SELF = YES;
				CLANG_WARN_OBJC_LITERAL_CONVERSION = YES;
				CLANG_WARN_OBJC_ROOT_CLASS = YES_ERROR;
				CLANG_WARN_QUOTED_INCLUDE_IN_FRAMEWORK_HEADER = YES;
				CLANG_WARN_RANGE_LOOP_ANALYSIS = YES;
				CLANG_WARN_STRICT_PROTOTYPES = YES;
				CLANG_WARN_SUSPICIOUS_MOVE = YES;
				CLANG_WARN_UNGUARDED_AVAILABILITY = YES_AGGRESSIVE;
				CLANG_WARN_UNREACHABLE_CODE = YES;
				CLANG_WARN__DUPLICATE_METHOD_MATCH = YES;
				COPY_PHASE_STRIP = NO;
				DEBUG_INFORMATION_FORMAT = "dwarf-with-dsym";
				ENABLE_NS_ASSERTIONS = NO;
				ENABLE_STRICT_OBJC_MSGSEND = YES;
				ENABLE_USER_SCRIPT_SANDBOXING = YES;
				GCC_C_LANGUAGE_STANDARD = gnu17;
				GCC_NO_COMMON_BLOCKS = YES;
				GCC_WARN_64_TO_32_BIT_CONVERSION = YES;
				GCC_WARN_ABOUT_RETURN_TYPE = YES_ERROR;
				GCC_WARN_UNDECLARED_SELECTOR = YES;
				GCC_WARN_UNINITIALIZED_AUTOS = YES_AGGRESSIVE;
				GCC_WARN_UNUSED_FUNCTION = YES;
				GCC_WARN_UNUSED_VARIABLE = YES;
				IPHONEOS_DEPLOYMENT_TARGET = 17.2;
				LOCALIZATION_PREFERS_STRING_CATALOGS = YES;
				MTL_ENABLE_DEBUG_INFO = NO;
				MTL_FAST_MATH = YES;
				SDKROOT = iphoneos;
				SWIFT_COMPILATION_MODE = wholemodule;
				VALIDATE_PRODUCT = YES;
			};
			name = Release;
		};
		40B2F28A2B7CE3AC00B5697F /* Debug */ = {
			isa = XCBuildConfiguration;
			buildSettings = {
				ASSETCATALOG_COMPILER_APPICON_NAME = AppIcon;
				ASSETCATALOG_COMPILER_GLOBAL_ACCENT_COLOR_NAME = AccentColor;
				CODE_SIGN_STYLE = Automatic;
				CURRENT_PROJECT_VERSION = 1;
				DEVELOPMENT_TEAM = B76F947LP3;
				ENABLE_USER_SCRIPT_SANDBOXING = NO;
				GENERATE_INFOPLIST_FILE = YES;
				INFOPLIST_FILE = "Testovoe24H/Supporting Files/Info.plist";
				INFOPLIST_KEY_UIApplicationSupportsIndirectInputEvents = YES;
				INFOPLIST_KEY_UILaunchStoryboardName = LaunchScreen;
				INFOPLIST_KEY_UISupportedInterfaceOrientations = "UIInterfaceOrientationLandscapeLeft UIInterfaceOrientationLandscapeRight UIInterfaceOrientationPortrait";
				INFOPLIST_KEY_UISupportedInterfaceOrientations_iPad = "UIInterfaceOrientationLandscapeLeft UIInterfaceOrientationLandscapeRight UIInterfaceOrientationPortrait UIInterfaceOrientationPortraitUpsideDown";
				IPHONEOS_DEPLOYMENT_TARGET = 13.1;
				LD_RUNPATH_SEARCH_PATHS = (
					"$(inherited)",
					"@executable_path/Frameworks",
				);
				MARKETING_VERSION = 1.0;
				PRODUCT_BUNDLE_IDENTIFIER = "ru.georgiy-N.Testovoe24H";
				PRODUCT_NAME = "$(TARGET_NAME)";
				SUPPORTED_PLATFORMS = "iphoneos iphonesimulator";
				SUPPORTS_MACCATALYST = NO;
				SUPPORTS_MAC_DESIGNED_FOR_IPHONE_IPAD = NO;
				SWIFT_EMIT_LOC_STRINGS = YES;
				SWIFT_VERSION = 5.0;
				TARGETED_DEVICE_FAMILY = 1;
			};
			name = Debug;
		};
		40B2F28B2B7CE3AC00B5697F /* Release */ = {
			isa = XCBuildConfiguration;
			buildSettings = {
				ASSETCATALOG_COMPILER_APPICON_NAME = AppIcon;
				ASSETCATALOG_COMPILER_GLOBAL_ACCENT_COLOR_NAME = AccentColor;
				CODE_SIGN_STYLE = Automatic;
				CURRENT_PROJECT_VERSION = 1;
				DEVELOPMENT_TEAM = B76F947LP3;
				ENABLE_USER_SCRIPT_SANDBOXING = NO;
				GENERATE_INFOPLIST_FILE = YES;
				INFOPLIST_FILE = "Testovoe24H/Supporting Files/Info.plist";
				INFOPLIST_KEY_UIApplicationSupportsIndirectInputEvents = YES;
				INFOPLIST_KEY_UILaunchStoryboardName = LaunchScreen;
				INFOPLIST_KEY_UISupportedInterfaceOrientations = "UIInterfaceOrientationLandscapeLeft UIInterfaceOrientationLandscapeRight UIInterfaceOrientationPortrait";
				INFOPLIST_KEY_UISupportedInterfaceOrientations_iPad = "UIInterfaceOrientationLandscapeLeft UIInterfaceOrientationLandscapeRight UIInterfaceOrientationPortrait UIInterfaceOrientationPortraitUpsideDown";
				IPHONEOS_DEPLOYMENT_TARGET = 13.1;
				LD_RUNPATH_SEARCH_PATHS = (
					"$(inherited)",
					"@executable_path/Frameworks",
				);
				MARKETING_VERSION = 1.0;
				PRODUCT_BUNDLE_IDENTIFIER = "ru.georgiy-N.Testovoe24H";
				PRODUCT_NAME = "$(TARGET_NAME)";
				SUPPORTED_PLATFORMS = "iphoneos iphonesimulator";
				SUPPORTS_MACCATALYST = NO;
				SUPPORTS_MAC_DESIGNED_FOR_IPHONE_IPAD = NO;
				SWIFT_EMIT_LOC_STRINGS = YES;
				SWIFT_VERSION = 5.0;
				TARGETED_DEVICE_FAMILY = 1;
			};
			name = Release;
		};
/* End XCBuildConfiguration section */

/* Begin XCConfigurationList section */
		40B2F2702B7CE3A800B5697F /* Build configuration list for PBXProject "Testovoe24H" */ = {
			isa = XCConfigurationList;
			buildConfigurations = (
				40B2F2872B7CE3AC00B5697F /* Debug */,
				40B2F2882B7CE3AC00B5697F /* Release */,
			);
			defaultConfigurationIsVisible = 0;
			defaultConfigurationName = Release;
		};
		40B2F2892B7CE3AC00B5697F /* Build configuration list for PBXNativeTarget "Testovoe24H" */ = {
			isa = XCConfigurationList;
			buildConfigurations = (
				40B2F28A2B7CE3AC00B5697F /* Debug */,
				40B2F28B2B7CE3AC00B5697F /* Release */,
			);
			defaultConfigurationIsVisible = 0;
			defaultConfigurationName = Release;
		};
/* End XCConfigurationList section */

/* Begin XCRemoteSwiftPackageReference section */
		40841BB42B80C90400E23162 /* XCRemoteSwiftPackageReference "Kingfisher" */ = {
			isa = XCRemoteSwiftPackageReference;
			repositoryURL = "https://github.com/onevcat/Kingfisher";
			requirement = {
				kind = upToNextMajorVersion;
				minimumVersion = 7.11.0;
			};
		};
/* End XCRemoteSwiftPackageReference section */

/* Begin XCSwiftPackageProductDependency section */
		40841BB52B80C90400E23162 /* Kingfisher */ = {
			isa = XCSwiftPackageProductDependency;
			package = 40841BB42B80C90400E23162 /* XCRemoteSwiftPackageReference "Kingfisher" */;
			productName = Kingfisher;
		};
/* End XCSwiftPackageProductDependency section */
	};
	rootObject = 40B2F26D2B7CE3A800B5697F /* Project object */;
}
